
Microsoft Visual Studio Solution File, Format Version 12.00
# Visual Studio 2013
VisualStudioVersion = 12.0.21005.1
MinimumVisualStudioVersion = 10.0.40219.1
Project("{FAE04EC0-301F-11D3-BF4B-00C04F79EFBC}") = "BestDealer2.0", "BestDealer2.0\BestDealer2.0.csproj", "{6410DE86-4C09-4247-9E4F-7457D515A26A}"
EndProject
Project("{FAE04EC0-301F-11D3-BF4B-00C04F79EFBC}") = "BestDealer.Common", "BestDealer.Common\BestDealer.Common.csproj", "{5D46BF74-955C-4210-9093-367D424ECA85}"
EndProject
Project("{FAE04EC0-301F-11D3-BF4B-00C04F79EFBC}") = "BestDealer.Engine", "BestDealer.Engine\BestDealer.Engine.csproj", "{D427D6E1-05F4-4FC0-919B-3FFC8F703E2B}"
EndProject
Global
	GlobalSection(SolutionConfigurationPlatforms) = preSolution
		Debug|Any CPU = Debug|Any CPU
		Release|Any CPU = Release|Any CPU
	EndGlobalSection
	GlobalSection(ProjectConfigurationPlatforms) = postSolution
		{6410DE86-4C09-4247-9E4F-7457D515A26A}.Debug|Any CPU.ActiveCfg = Debug|Any CPU
		{6410DE86-4C09-4247-9E4F-7457D515A26A}.Debug|Any CPU.Build.0 = Debug|Any CPU
		{6410DE86-4C09-4247-9E4F-7457D515A26A}.Release|Any CPU.ActiveCfg = Release|Any CPU
		{6410DE86-4C09-4247-9E4F-7457D515A26A}.Release|Any CPU.Build.0 = Release|Any CPU
		{5D46BF74-955C-4210-9093-367D424ECA85}.Debug|Any CPU.ActiveCfg = Debug|Any CPU
		{5D46BF74-955C-4210-9093-367D424ECA85}.Debug|Any CPU.Build.0 = Debug|Any CPU
		{5D46BF74-955C-4210-9093-367D424ECA85}.Release|Any CPU.ActiveCfg = Release|Any CPU
		{5D46BF74-955C-4210-9093-367D424ECA85}.Release|Any CPU.Build.0 = Release|Any CPU
		{D427D6E1-05F4-4FC0-919B-3FFC8F703E2B}.Debug|Any CPU.ActiveCfg = Debug|Any CPU
		{D427D6E1-05F4-4FC0-919B-3FFC8F703E2B}.Debug|Any CPU.Build.0 = Debug|Any CPU
		{D427D6E1-05F4-4FC0-919B-3FFC8F703E2B}.Release|Any CPU.ActiveCfg = Release|Any CPU
		{D427D6E1-05F4-4FC0-919B-3FFC8F703E2B}.Release|Any CPU.Build.0 = Release|Any CPU
	EndGlobalSection
	GlobalSection(SolutionProperties) = preSolution
		HideSolutionNode = FALSE
	EndGlobalSection
EndGlobal
